
Microsoft Visual Studio Solution File, Format Version 10.00
# Visual Studio 2008
Project("{FAE04EC0-301F-11D3-BF4B-00C04F79EFBC}") = "NBox", "NBox\NBox.csproj", "{EAEF993B-E328-45CB-8FDA-533B66F54055}"
EndProject
Project("{FAE04EC0-301F-11D3-BF4B-00C04F79EFBC}") = "NBox.Loader", "NBox.Loader\NBox.Loader.csproj", "{470ECA99-AC7E-486D-88AA-B95A4C518399}"
EndProject
Project("{2150E333-8FDC-42A3-9474-1A3956D46DE8}") = "Solution Items", "Solution Items", "{EC8EABBE-4207-4E6E-AB89-406664388577}"
	ProjectSection(SolutionItems) = preProject
		license.txt = license.txt
		todo.txt = todo.txt
	EndProjectSection
EndProject
Global
	GlobalSection(SolutionConfigurationPlatforms) = preSolution
		Debug|Any CPU = Debug|Any CPU
		Release|Any CPU = Release|Any CPU
	EndGlobalSection
	GlobalSection(ProjectConfigurationPlatforms) = postSolution
		{EAEF993B-E328-45CB-8FDA-533B66F54055}.Debug|Any CPU.ActiveCfg = Debug|Any CPU
		{EAEF993B-E328-45CB-8FDA-533B66F54055}.Debug|Any CPU.Build.0 = Debug|Any CPU
		{EAEF993B-E328-45CB-8FDA-533B66F54055}.Release|Any CPU.ActiveCfg = Release|Any CPU
		{EAEF993B-E328-45CB-8FDA-533B66F54055}.Release|Any CPU.Build.0 = Release|Any CPU
		{470ECA99-AC7E-486D-88AA-B95A4C518399}.Debug|Any CPU.ActiveCfg = Debug|Any CPU
		{470ECA99-AC7E-486D-88AA-B95A4C518399}.Debug|Any CPU.Build.0 = Debug|Any CPU
		{470ECA99-AC7E-486D-88AA-B95A4C518399}.Release|Any CPU.ActiveCfg = Release|Any CPU
		{470ECA99-AC7E-486D-88AA-B95A4C518399}.Release|Any CPU.Build.0 = Release|Any CPU
	EndGlobalSection
	GlobalSection(SolutionProperties) = preSolution
		HideSolutionNode = FALSE
	EndGlobalSection
EndGlobal
