
Microsoft Visual Studio Solution File, Format Version 11.00
# Visual Studio 2010
Project("{2150E333-8FDC-42A3-9474-1A3956D46DE8}") = "Solution Items", "Solution Items", "{EC8EABBE-4207-4E6E-AB89-406664388577}"
	ProjectSection(SolutionItems) = preProject
		license.txt = license.txt
		manual-russian.txt = manual-russian.txt
		todo.txt = todo.txt
	EndProjectSection
EndProject
Project("{FAE04EC0-301F-11D3-BF4B-00C04F79EFBC}") = "NBox", "NBox\NBox.csproj", "{EAEF993B-E328-45CB-8FDA-533B66F54055}"
EndProject
Project("{FAE04EC0-301F-11D3-BF4B-00C04F79EFBC}") = "NBox.Loader", "NBox.Loader\NBox.Loader.csproj", "{470ECA99-AC7E-486D-88AA-B95A4C518399}"
EndProject
Global
	GlobalSection(SolutionConfigurationPlatforms) = preSolution
		Debug|Any CPU = Debug|Any CPU
		net_2_0_Debug|Any CPU = net_2_0_Debug|Any CPU
		net_2_0_Release|Any CPU = net_2_0_Release|Any CPU
		net_3_5_Debug|Any CPU = net_3_5_Debug|Any CPU
		net_3_5_Release|Any CPU = net_3_5_Release|Any CPU
		net_4_0_Debug|Any CPU = net_4_0_Debug|Any CPU
		net_4_0_Release|Any CPU = net_4_0_Release|Any CPU
		Release|Any CPU = Release|Any CPU
		silverlight_Debug|Any CPU = silverlight_Debug|Any CPU
		silverlight_Release|Any CPU = silverlight_Release|Any CPU
		winphone_Debug|Any CPU = winphone_Debug|Any CPU
		winphone_Release|Any CPU = winphone_Release|Any CPU
	EndGlobalSection
	GlobalSection(ProjectConfigurationPlatforms) = postSolution
		{EAEF993B-E328-45CB-8FDA-533B66F54055}.Debug|Any CPU.ActiveCfg = Debug|Any CPU
		{EAEF993B-E328-45CB-8FDA-533B66F54055}.Debug|Any CPU.Build.0 = Debug|Any CPU
		{EAEF993B-E328-45CB-8FDA-533B66F54055}.net_2_0_Debug|Any CPU.ActiveCfg = Debug|Any CPU
		{EAEF993B-E328-45CB-8FDA-533B66F54055}.net_2_0_Debug|Any CPU.Build.0 = Debug|Any CPU
		{EAEF993B-E328-45CB-8FDA-533B66F54055}.net_2_0_Release|Any CPU.ActiveCfg = Release|Any CPU
		{EAEF993B-E328-45CB-8FDA-533B66F54055}.net_2_0_Release|Any CPU.Build.0 = Release|Any CPU
		{EAEF993B-E328-45CB-8FDA-533B66F54055}.net_3_5_Debug|Any CPU.ActiveCfg = Debug|Any CPU
		{EAEF993B-E328-45CB-8FDA-533B66F54055}.net_3_5_Debug|Any CPU.Build.0 = Debug|Any CPU
		{EAEF993B-E328-45CB-8FDA-533B66F54055}.net_3_5_Release|Any CPU.ActiveCfg = Release|Any CPU
		{EAEF993B-E328-45CB-8FDA-533B66F54055}.net_3_5_Release|Any CPU.Build.0 = Release|Any CPU
		{EAEF993B-E328-45CB-8FDA-533B66F54055}.net_4_0_Debug|Any CPU.ActiveCfg = Debug|Any CPU
		{EAEF993B-E328-45CB-8FDA-533B66F54055}.net_4_0_Debug|Any CPU.Build.0 = Debug|Any CPU
		{EAEF993B-E328-45CB-8FDA-533B66F54055}.net_4_0_Release|Any CPU.ActiveCfg = Release|Any CPU
		{EAEF993B-E328-45CB-8FDA-533B66F54055}.net_4_0_Release|Any CPU.Build.0 = Release|Any CPU
		{EAEF993B-E328-45CB-8FDA-533B66F54055}.Release|Any CPU.ActiveCfg = Release|Any CPU
		{EAEF993B-E328-45CB-8FDA-533B66F54055}.Release|Any CPU.Build.0 = Release|Any CPU
		{EAEF993B-E328-45CB-8FDA-533B66F54055}.silverlight_Debug|Any CPU.ActiveCfg = Debug|Any CPU
		{EAEF993B-E328-45CB-8FDA-533B66F54055}.silverlight_Debug|Any CPU.Build.0 = Debug|Any CPU
		{EAEF993B-E328-45CB-8FDA-533B66F54055}.silverlight_Release|Any CPU.ActiveCfg = Release|Any CPU
		{EAEF993B-E328-45CB-8FDA-533B66F54055}.silverlight_Release|Any CPU.Build.0 = Release|Any CPU
		{EAEF993B-E328-45CB-8FDA-533B66F54055}.winphone_Debug|Any CPU.ActiveCfg = Debug|Any CPU
		{EAEF993B-E328-45CB-8FDA-533B66F54055}.winphone_Debug|Any CPU.Build.0 = Debug|Any CPU
		{EAEF993B-E328-45CB-8FDA-533B66F54055}.winphone_Release|Any CPU.ActiveCfg = Release|Any CPU
		{EAEF993B-E328-45CB-8FDA-533B66F54055}.winphone_Release|Any CPU.Build.0 = Release|Any CPU
		{470ECA99-AC7E-486D-88AA-B95A4C518399}.Debug|Any CPU.ActiveCfg = Debug|Any CPU
		{470ECA99-AC7E-486D-88AA-B95A4C518399}.Debug|Any CPU.Build.0 = Debug|Any CPU
		{470ECA99-AC7E-486D-88AA-B95A4C518399}.net_2_0_Debug|Any CPU.ActiveCfg = Debug|Any CPU
		{470ECA99-AC7E-486D-88AA-B95A4C518399}.net_2_0_Debug|Any CPU.Build.0 = Debug|Any CPU
		{470ECA99-AC7E-486D-88AA-B95A4C518399}.net_2_0_Release|Any CPU.ActiveCfg = Release|Any CPU
		{470ECA99-AC7E-486D-88AA-B95A4C518399}.net_2_0_Release|Any CPU.Build.0 = Release|Any CPU
		{470ECA99-AC7E-486D-88AA-B95A4C518399}.net_3_5_Debug|Any CPU.ActiveCfg = Debug|Any CPU
		{470ECA99-AC7E-486D-88AA-B95A4C518399}.net_3_5_Debug|Any CPU.Build.0 = Debug|Any CPU
		{470ECA99-AC7E-486D-88AA-B95A4C518399}.net_3_5_Release|Any CPU.ActiveCfg = Release|Any CPU
		{470ECA99-AC7E-486D-88AA-B95A4C518399}.net_3_5_Release|Any CPU.Build.0 = Release|Any CPU
		{470ECA99-AC7E-486D-88AA-B95A4C518399}.net_4_0_Debug|Any CPU.ActiveCfg = Debug|Any CPU
		{470ECA99-AC7E-486D-88AA-B95A4C518399}.net_4_0_Debug|Any CPU.Build.0 = Debug|Any CPU
		{470ECA99-AC7E-486D-88AA-B95A4C518399}.net_4_0_Release|Any CPU.ActiveCfg = Release|Any CPU
		{470ECA99-AC7E-486D-88AA-B95A4C518399}.net_4_0_Release|Any CPU.Build.0 = Release|Any CPU
		{470ECA99-AC7E-486D-88AA-B95A4C518399}.Release|Any CPU.ActiveCfg = Release|Any CPU
		{470ECA99-AC7E-486D-88AA-B95A4C518399}.Release|Any CPU.Build.0 = Release|Any CPU
		{470ECA99-AC7E-486D-88AA-B95A4C518399}.silverlight_Debug|Any CPU.ActiveCfg = Debug|Any CPU
		{470ECA99-AC7E-486D-88AA-B95A4C518399}.silverlight_Debug|Any CPU.Build.0 = Debug|Any CPU
		{470ECA99-AC7E-486D-88AA-B95A4C518399}.silverlight_Release|Any CPU.ActiveCfg = Release|Any CPU
		{470ECA99-AC7E-486D-88AA-B95A4C518399}.silverlight_Release|Any CPU.Build.0 = Release|Any CPU
		{470ECA99-AC7E-486D-88AA-B95A4C518399}.winphone_Debug|Any CPU.ActiveCfg = Debug|Any CPU
		{470ECA99-AC7E-486D-88AA-B95A4C518399}.winphone_Debug|Any CPU.Build.0 = Debug|Any CPU
		{470ECA99-AC7E-486D-88AA-B95A4C518399}.winphone_Release|Any CPU.ActiveCfg = Release|Any CPU
		{470ECA99-AC7E-486D-88AA-B95A4C518399}.winphone_Release|Any CPU.Build.0 = Release|Any CPU
	EndGlobalSection
	GlobalSection(SolutionProperties) = preSolution
		HideSolutionNode = FALSE
	EndGlobalSection
EndGlobal
